
Microsoft Visual Studio Solution File, Format Version 12.00
# Visual Studio Version 16
VisualStudioVersion = 16.0.30804.86
MinimumVisualStudioVersion = 10.0.40219.1
Project("{FAE04EC0-301F-11D3-BF4B-00C04F79EFBC}") = "Baller", "Baller.csproj", "{D4AEC4CA-82B0-4143-8C0A-114B543A4EF1}"
EndProject
Global
	GlobalSection(SolutionConfigurationPlatforms) = preSolution
		Debug|Any CPU = Debug|Any CPU
		Release|Any CPU = Release|Any CPU
	EndGlobalSection
	GlobalSection(ProjectConfigurationPlatforms) = postSolution
		{D4AEC4CA-82B0-4143-8C0A-114B543A4EF1}.Debug|Any CPU.ActiveCfg = Debug|Any CPU
		{D4AEC4CA-82B0-4143-8C0A-114B543A4EF1}.Debug|Any CPU.Build.0 = Debug|Any CPU
		{D4AEC4CA-82B0-4143-8C0A-114B543A4EF1}.Release|Any CPU.ActiveCfg = Release|Any CPU
		{D4AEC4CA-82B0-4143-8C0A-114B543A4EF1}.Release|Any CPU.Build.0 = Release|Any CPU
	EndGlobalSection
	GlobalSection(SolutionProperties) = preSolution
		HideSolutionNode = FALSE
	EndGlobalSection
	GlobalSection(ExtensibilityGlobals) = postSolution
		SolutionGuid = {E513D068-7E59-4D88-8C49-57C253A73E0B}
	EndGlobalSection
EndGlobal
